
Microsoft Visual Studio Solution File, Format Version 12.00
# Visual Studio Version 16
VisualStudioVersion = 16.0.30413.136
MinimumVisualStudioVersion = 10.0.40219.1
Project("{2150E333-8FDC-42A3-9474-1A3956D46DE8}") = "LitvinenkoNA_C++ProgrammingWin32ApiApp", "LitvinenkoNA_C++ProgrammingWin32ApiApp", "{A5E1E740-F150-498D-91E0-4CAE7EBC3230}"
EndProject
Project("{2150E333-8FDC-42A3-9474-1A3956D46DE8}") = "Listings", "Listings", "{3085A5E8-2051-4C5C-85AE-CDDC323F8D72}"
EndProject
Project("{2150E333-8FDC-42A3-9474-1A3956D46DE8}") = "Chapter1", "Chapter1", "{D50E3C3C-2F29-4B8C-826C-BF4A9A04997A}"
EndProject
Project("{8BC9CEB8-8B4A-11D0-8D11-00A0C91BC942}") = "Listing_1_1", "LitvinenkoNA_C++ProgrammingWin32ApiApp\Listings\Chapter1\Listing_1_1\Listing_1_1.vcxproj", "{281995A6-6DAD-43B2-91A8-074ACD2416B9}"
EndProject
Project("{8BC9CEB8-8B4A-11D0-8D11-00A0C91BC942}") = "WindowsProjectOnVS2019", "LitvinenkoNA_C++ProgrammingWin32ApiApp\Listings\WindowsProjectOnVS2019\WindowsProjectOnVS2019.vcxproj", "{5AB6D4B3-F473-4BB0-A238-3CE624E637C2}"
EndProject
Project("{8BC9CEB8-8B4A-11D0-8D11-00A0C91BC942}") = "Listing_1_3", "LitvinenkoNA_C++ProgrammingWin32ApiApp\Listings\Chapter1\Listing_1_3\Listing_1_3.vcxproj", "{4E78D661-0B32-4189-AA1E-490DB702E1B8}"
EndProject
Project("{8BC9CEB8-8B4A-11D0-8D11-00A0C91BC942}") = "Listing_1_4", "LitvinenkoNA_C++ProgrammingWin32ApiApp\Listings\Chapter1\Listing_1_4\Listing_1_4.vcxproj", "{FBC6FD95-67DE-4561-B8C5-0A7BF9202D3E}"
EndProject
Project("{8BC9CEB8-8B4A-11D0-8D11-00A0C91BC942}") = "Listing_1_5", "LitvinenkoNA_C++ProgrammingWin32ApiApp\Listings\Chapter1\Listing_1_5\Listing_1_5.vcxproj", "{B5EFF610-3850-4436-9204-173EB66F282F}"
EndProject
Project("{8BC9CEB8-8B4A-11D0-8D11-00A0C91BC942}") = "Listing_1_6", "LitvinenkoNA_C++ProgrammingWin32ApiApp\Listings\Chapter1\Listing_1_6\Listing_1_6.vcxproj", "{7FA2CAD2-CB14-4AAE-AEF6-DBD21B2A5187}"
EndProject
Project("{8BC9CEB8-8B4A-11D0-8D11-00A0C91BC942}") = "Listing_1_7", "LitvinenkoNA_C++ProgrammingWin32ApiApp\Listings\Chapter1\Listing_1_7\Listing_1_7.vcxproj", "{5B1A0596-7330-4682-98BE-3E66E3BBBD14}"
EndProject
Project("{8BC9CEB8-8B4A-11D0-8D11-00A0C91BC942}") = "Listing_1_8", "LitvinenkoNA_C++ProgrammingWin32ApiApp\Listings\Chapter1\Listing_1_8\Listing_1_8.vcxproj", "{F0CEDA61-C811-47EC-BB62-941950A5C8AF}"
EndProject
Project("{8BC9CEB8-8B4A-11D0-8D11-00A0C91BC942}") = "Listing_1_9", "LitvinenkoNA_C++ProgrammingWin32ApiApp\Listings\Chapter1\Listing_1_9\Listing_1_9.vcxproj", "{F4EF9FC6-E5E5-43D2-ACC1-EA5E31EB537B}"
EndProject
Project("{8BC9CEB8-8B4A-11D0-8D11-00A0C91BC942}") = "Listing_1_10", "LitvinenkoNA_C++ProgrammingWin32ApiApp\Listings\Chapter1\Listing_1_10\Listing_1_10.vcxproj", "{15B40C62-35A4-453D-B5A3-FBD6294146F5}"
EndProject
Project("{8BC9CEB8-8B4A-11D0-8D11-00A0C91BC942}") = "Listing_1_11", "LitvinenkoNA_C++ProgrammingWin32ApiApp\Listings\Chapter1\Listing_1_11\Listing_1_11.vcxproj", "{CCC94A7E-EE32-4B7C-80F0-D4531B777A8C}"
EndProject
Project("{8BC9CEB8-8B4A-11D0-8D11-00A0C91BC942}") = "Listing_1_12", "LitvinenkoNA_C++ProgrammingWin32ApiApp\Listings\Chapter1\Listing_1_12\Listing_1_12.vcxproj", "{0081A39C-C2E6-4B3C-A3C8-4F1485BD874C}"
EndProject
Project("{8BC9CEB8-8B4A-11D0-8D11-00A0C91BC942}") = "Listing_1_13", "LitvinenkoNA_C++ProgrammingWin32ApiApp\Listings\Chapter1\Listing_1_13\Listing_1_13.vcxproj", "{AF65E355-D7B3-41E7-A4DB-7745C3A7A617}"
EndProject
Project("{8BC9CEB8-8B4A-11D0-8D11-00A0C91BC942}") = "Listing_1_14", "LitvinenkoNA_C++ProgrammingWin32ApiApp\Listings\Chapter1\Listing_1_14\Listing_1_14.vcxproj", "{32ED5B27-7B84-4488-96BB-6592D2F434CA}"
EndProject
Project("{8BC9CEB8-8B4A-11D0-8D11-00A0C91BC942}") = "Listing_1_15", "LitvinenkoNA_C++ProgrammingWin32ApiApp\Listings\Chapter1\Listing_1_15\Listing_1_15.vcxproj", "{F83E3D6F-BB71-4964-814B-5B0698ECFFE4}"
EndProject
Global
	GlobalSection(SolutionConfigurationPlatforms) = preSolution
		Debug|x64 = Debug|x64
		Debug|x86 = Debug|x86
		Release|x64 = Release|x64
		Release|x86 = Release|x86
	EndGlobalSection
	GlobalSection(ProjectConfigurationPlatforms) = postSolution
		{281995A6-6DAD-43B2-91A8-074ACD2416B9}.Debug|x64.ActiveCfg = Debug|x64
		{281995A6-6DAD-43B2-91A8-074ACD2416B9}.Debug|x64.Build.0 = Debug|x64
		{281995A6-6DAD-43B2-91A8-074ACD2416B9}.Debug|x86.ActiveCfg = Debug|Win32
		{281995A6-6DAD-43B2-91A8-074ACD2416B9}.Debug|x86.Build.0 = Debug|Win32
		{281995A6-6DAD-43B2-91A8-074ACD2416B9}.Release|x64.ActiveCfg = Release|x64
		{281995A6-6DAD-43B2-91A8-074ACD2416B9}.Release|x64.Build.0 = Release|x64
		{281995A6-6DAD-43B2-91A8-074ACD2416B9}.Release|x86.ActiveCfg = Release|Win32
		{281995A6-6DAD-43B2-91A8-074ACD2416B9}.Release|x86.Build.0 = Release|Win32
		{5AB6D4B3-F473-4BB0-A238-3CE624E637C2}.Debug|x64.ActiveCfg = Debug|x64
		{5AB6D4B3-F473-4BB0-A238-3CE624E637C2}.Debug|x64.Build.0 = Debug|x64
		{5AB6D4B3-F473-4BB0-A238-3CE624E637C2}.Debug|x86.ActiveCfg = Debug|Win32
		{5AB6D4B3-F473-4BB0-A238-3CE624E637C2}.Debug|x86.Build.0 = Debug|Win32
		{5AB6D4B3-F473-4BB0-A238-3CE624E637C2}.Release|x64.ActiveCfg = Release|x64
		{5AB6D4B3-F473-4BB0-A238-3CE624E637C2}.Release|x64.Build.0 = Release|x64
		{5AB6D4B3-F473-4BB0-A238-3CE624E637C2}.Release|x86.ActiveCfg = Release|Win32
		{5AB6D4B3-F473-4BB0-A238-3CE624E637C2}.Release|x86.Build.0 = Release|Win32
		{4E78D661-0B32-4189-AA1E-490DB702E1B8}.Debug|x64.ActiveCfg = Debug|x64
		{4E78D661-0B32-4189-AA1E-490DB702E1B8}.Debug|x64.Build.0 = Debug|x64
		{4E78D661-0B32-4189-AA1E-490DB702E1B8}.Debug|x86.ActiveCfg = Debug|Win32
		{4E78D661-0B32-4189-AA1E-490DB702E1B8}.Debug|x86.Build.0 = Debug|Win32
		{4E78D661-0B32-4189-AA1E-490DB702E1B8}.Release|x64.ActiveCfg = Release|x64
		{4E78D661-0B32-4189-AA1E-490DB702E1B8}.Release|x64.Build.0 = Release|x64
		{4E78D661-0B32-4189-AA1E-490DB702E1B8}.Release|x86.ActiveCfg = Release|Win32
		{4E78D661-0B32-4189-AA1E-490DB702E1B8}.Release|x86.Build.0 = Release|Win32
		{FBC6FD95-67DE-4561-B8C5-0A7BF9202D3E}.Debug|x64.ActiveCfg = Debug|x64
		{FBC6FD95-67DE-4561-B8C5-0A7BF9202D3E}.Debug|x64.Build.0 = Debug|x64
		{FBC6FD95-67DE-4561-B8C5-0A7BF9202D3E}.Debug|x86.ActiveCfg = Debug|Win32
		{FBC6FD95-67DE-4561-B8C5-0A7BF9202D3E}.Debug|x86.Build.0 = Debug|Win32
		{FBC6FD95-67DE-4561-B8C5-0A7BF9202D3E}.Release|x64.ActiveCfg = Release|x64
		{FBC6FD95-67DE-4561-B8C5-0A7BF9202D3E}.Release|x64.Build.0 = Release|x64
		{FBC6FD95-67DE-4561-B8C5-0A7BF9202D3E}.Release|x86.ActiveCfg = Release|Win32
		{FBC6FD95-67DE-4561-B8C5-0A7BF9202D3E}.Release|x86.Build.0 = Release|Win32
		{B5EFF610-3850-4436-9204-173EB66F282F}.Debug|x64.ActiveCfg = Debug|x64
		{B5EFF610-3850-4436-9204-173EB66F282F}.Debug|x64.Build.0 = Debug|x64
		{B5EFF610-3850-4436-9204-173EB66F282F}.Debug|x86.ActiveCfg = Debug|Win32
		{B5EFF610-3850-4436-9204-173EB66F282F}.Debug|x86.Build.0 = Debug|Win32
		{B5EFF610-3850-4436-9204-173EB66F282F}.Release|x64.ActiveCfg = Release|x64
		{B5EFF610-3850-4436-9204-173EB66F282F}.Release|x64.Build.0 = Release|x64
		{B5EFF610-3850-4436-9204-173EB66F282F}.Release|x86.ActiveCfg = Release|Win32
		{B5EFF610-3850-4436-9204-173EB66F282F}.Release|x86.Build.0 = Release|Win32
		{7FA2CAD2-CB14-4AAE-AEF6-DBD21B2A5187}.Debug|x64.ActiveCfg = Debug|x64
		{7FA2CAD2-CB14-4AAE-AEF6-DBD21B2A5187}.Debug|x64.Build.0 = Debug|x64
		{7FA2CAD2-CB14-4AAE-AEF6-DBD21B2A5187}.Debug|x86.ActiveCfg = Debug|Win32
		{7FA2CAD2-CB14-4AAE-AEF6-DBD21B2A5187}.Debug|x86.Build.0 = Debug|Win32
		{7FA2CAD2-CB14-4AAE-AEF6-DBD21B2A5187}.Release|x64.ActiveCfg = Release|x64
		{7FA2CAD2-CB14-4AAE-AEF6-DBD21B2A5187}.Release|x64.Build.0 = Release|x64
		{7FA2CAD2-CB14-4AAE-AEF6-DBD21B2A5187}.Release|x86.ActiveCfg = Release|Win32
		{7FA2CAD2-CB14-4AAE-AEF6-DBD21B2A5187}.Release|x86.Build.0 = Release|Win32
		{5B1A0596-7330-4682-98BE-3E66E3BBBD14}.Debug|x64.ActiveCfg = Debug|x64
		{5B1A0596-7330-4682-98BE-3E66E3BBBD14}.Debug|x64.Build.0 = Debug|x64
		{5B1A0596-7330-4682-98BE-3E66E3BBBD14}.Debug|x86.ActiveCfg = Debug|Win32
		{5B1A0596-7330-4682-98BE-3E66E3BBBD14}.Debug|x86.Build.0 = Debug|Win32
		{5B1A0596-7330-4682-98BE-3E66E3BBBD14}.Release|x64.ActiveCfg = Release|x64
		{5B1A0596-7330-4682-98BE-3E66E3BBBD14}.Release|x64.Build.0 = Release|x64
		{5B1A0596-7330-4682-98BE-3E66E3BBBD14}.Release|x86.ActiveCfg = Release|Win32
		{5B1A0596-7330-4682-98BE-3E66E3BBBD14}.Release|x86.Build.0 = Release|Win32
		{F0CEDA61-C811-47EC-BB62-941950A5C8AF}.Debug|x64.ActiveCfg = Debug|x64
		{F0CEDA61-C811-47EC-BB62-941950A5C8AF}.Debug|x64.Build.0 = Debug|x64
		{F0CEDA61-C811-47EC-BB62-941950A5C8AF}.Debug|x86.ActiveCfg = Debug|Win32
		{F0CEDA61-C811-47EC-BB62-941950A5C8AF}.Debug|x86.Build.0 = Debug|Win32
		{F0CEDA61-C811-47EC-BB62-941950A5C8AF}.Release|x64.ActiveCfg = Release|x64
		{F0CEDA61-C811-47EC-BB62-941950A5C8AF}.Release|x64.Build.0 = Release|x64
		{F0CEDA61-C811-47EC-BB62-941950A5C8AF}.Release|x86.ActiveCfg = Release|Win32
		{F0CEDA61-C811-47EC-BB62-941950A5C8AF}.Release|x86.Build.0 = Release|Win32
		{F4EF9FC6-E5E5-43D2-ACC1-EA5E31EB537B}.Debug|x64.ActiveCfg = Debug|x64
		{F4EF9FC6-E5E5-43D2-ACC1-EA5E31EB537B}.Debug|x64.Build.0 = Debug|x64
		{F4EF9FC6-E5E5-43D2-ACC1-EA5E31EB537B}.Debug|x86.ActiveCfg = Debug|Win32
		{F4EF9FC6-E5E5-43D2-ACC1-EA5E31EB537B}.Debug|x86.Build.0 = Debug|Win32
		{F4EF9FC6-E5E5-43D2-ACC1-EA5E31EB537B}.Release|x64.ActiveCfg = Release|x64
		{F4EF9FC6-E5E5-43D2-ACC1-EA5E31EB537B}.Release|x64.Build.0 = Release|x64
		{F4EF9FC6-E5E5-43D2-ACC1-EA5E31EB537B}.Release|x86.ActiveCfg = Release|Win32
		{F4EF9FC6-E5E5-43D2-ACC1-EA5E31EB537B}.Release|x86.Build.0 = Release|Win32
		{15B40C62-35A4-453D-B5A3-FBD6294146F5}.Debug|x64.ActiveCfg = Debug|x64
		{15B40C62-35A4-453D-B5A3-FBD6294146F5}.Debug|x64.Build.0 = Debug|x64
		{15B40C62-35A4-453D-B5A3-FBD6294146F5}.Debug|x86.ActiveCfg = Debug|Win32
		{15B40C62-35A4-453D-B5A3-FBD6294146F5}.Debug|x86.Build.0 = Debug|Win32
		{15B40C62-35A4-453D-B5A3-FBD6294146F5}.Release|x64.ActiveCfg = Release|x64
		{15B40C62-35A4-453D-B5A3-FBD6294146F5}.Release|x64.Build.0 = Release|x64
		{15B40C62-35A4-453D-B5A3-FBD6294146F5}.Release|x86.ActiveCfg = Release|Win32
		{15B40C62-35A4-453D-B5A3-FBD6294146F5}.Release|x86.Build.0 = Release|Win32
		{CCC94A7E-EE32-4B7C-80F0-D4531B777A8C}.Debug|x64.ActiveCfg = Debug|x64
		{CCC94A7E-EE32-4B7C-80F0-D4531B777A8C}.Debug|x64.Build.0 = Debug|x64
		{CCC94A7E-EE32-4B7C-80F0-D4531B777A8C}.Debug|x86.ActiveCfg = Debug|Win32
		{CCC94A7E-EE32-4B7C-80F0-D4531B777A8C}.Debug|x86.Build.0 = Debug|Win32
		{CCC94A7E-EE32-4B7C-80F0-D4531B777A8C}.Release|x64.ActiveCfg = Release|x64
		{CCC94A7E-EE32-4B7C-80F0-D4531B777A8C}.Release|x64.Build.0 = Release|x64
		{CCC94A7E-EE32-4B7C-80F0-D4531B777A8C}.Release|x86.ActiveCfg = Release|Win32
		{CCC94A7E-EE32-4B7C-80F0-D4531B777A8C}.Release|x86.Build.0 = Release|Win32
		{0081A39C-C2E6-4B3C-A3C8-4F1485BD874C}.Debug|x64.ActiveCfg = Debug|x64
		{0081A39C-C2E6-4B3C-A3C8-4F1485BD874C}.Debug|x64.Build.0 = Debug|x64
		{0081A39C-C2E6-4B3C-A3C8-4F1485BD874C}.Debug|x86.ActiveCfg = Debug|Win32
		{0081A39C-C2E6-4B3C-A3C8-4F1485BD874C}.Debug|x86.Build.0 = Debug|Win32
		{0081A39C-C2E6-4B3C-A3C8-4F1485BD874C}.Release|x64.ActiveCfg = Release|x64
		{0081A39C-C2E6-4B3C-A3C8-4F1485BD874C}.Release|x64.Build.0 = Release|x64
		{0081A39C-C2E6-4B3C-A3C8-4F1485BD874C}.Release|x86.ActiveCfg = Release|Win32
		{0081A39C-C2E6-4B3C-A3C8-4F1485BD874C}.Release|x86.Build.0 = Release|Win32
		{AF65E355-D7B3-41E7-A4DB-7745C3A7A617}.Debug|x64.ActiveCfg = Debug|x64
		{AF65E355-D7B3-41E7-A4DB-7745C3A7A617}.Debug|x64.Build.0 = Debug|x64
		{AF65E355-D7B3-41E7-A4DB-7745C3A7A617}.Debug|x86.ActiveCfg = Debug|Win32
		{AF65E355-D7B3-41E7-A4DB-7745C3A7A617}.Debug|x86.Build.0 = Debug|Win32
		{AF65E355-D7B3-41E7-A4DB-7745C3A7A617}.Release|x64.ActiveCfg = Release|x64
		{AF65E355-D7B3-41E7-A4DB-7745C3A7A617}.Release|x64.Build.0 = Release|x64
		{AF65E355-D7B3-41E7-A4DB-7745C3A7A617}.Release|x86.ActiveCfg = Release|Win32
		{AF65E355-D7B3-41E7-A4DB-7745C3A7A617}.Release|x86.Build.0 = Release|Win32
		{32ED5B27-7B84-4488-96BB-6592D2F434CA}.Debug|x64.ActiveCfg = Debug|x64
		{32ED5B27-7B84-4488-96BB-6592D2F434CA}.Debug|x64.Build.0 = Debug|x64
		{32ED5B27-7B84-4488-96BB-6592D2F434CA}.Debug|x86.ActiveCfg = Debug|Win32
		{32ED5B27-7B84-4488-96BB-6592D2F434CA}.Debug|x86.Build.0 = Debug|Win32
		{32ED5B27-7B84-4488-96BB-6592D2F434CA}.Release|x64.ActiveCfg = Release|x64
		{32ED5B27-7B84-4488-96BB-6592D2F434CA}.Release|x64.Build.0 = Release|x64
		{32ED5B27-7B84-4488-96BB-6592D2F434CA}.Release|x86.ActiveCfg = Release|Win32
		{32ED5B27-7B84-4488-96BB-6592D2F434CA}.Release|x86.Build.0 = Release|Win32
		{F83E3D6F-BB71-4964-814B-5B0698ECFFE4}.Debug|x64.ActiveCfg = Debug|x64
		{F83E3D6F-BB71-4964-814B-5B0698ECFFE4}.Debug|x64.Build.0 = Debug|x64
		{F83E3D6F-BB71-4964-814B-5B0698ECFFE4}.Debug|x86.ActiveCfg = Debug|Win32
		{F83E3D6F-BB71-4964-814B-5B0698ECFFE4}.Debug|x86.Build.0 = Debug|Win32
		{F83E3D6F-BB71-4964-814B-5B0698ECFFE4}.Release|x64.ActiveCfg = Release|x64
		{F83E3D6F-BB71-4964-814B-5B0698ECFFE4}.Release|x64.Build.0 = Release|x64
		{F83E3D6F-BB71-4964-814B-5B0698ECFFE4}.Release|x86.ActiveCfg = Release|Win32
		{F83E3D6F-BB71-4964-814B-5B0698ECFFE4}.Release|x86.Build.0 = Release|Win32
	EndGlobalSection
	GlobalSection(SolutionProperties) = preSolution
		HideSolutionNode = FALSE
	EndGlobalSection
	GlobalSection(NestedProjects) = preSolution
		{3085A5E8-2051-4C5C-85AE-CDDC323F8D72} = {A5E1E740-F150-498D-91E0-4CAE7EBC3230}
		{D50E3C3C-2F29-4B8C-826C-BF4A9A04997A} = {3085A5E8-2051-4C5C-85AE-CDDC323F8D72}
		{281995A6-6DAD-43B2-91A8-074ACD2416B9} = {D50E3C3C-2F29-4B8C-826C-BF4A9A04997A}
		{5AB6D4B3-F473-4BB0-A238-3CE624E637C2} = {3085A5E8-2051-4C5C-85AE-CDDC323F8D72}
		{4E78D661-0B32-4189-AA1E-490DB702E1B8} = {D50E3C3C-2F29-4B8C-826C-BF4A9A04997A}
		{FBC6FD95-67DE-4561-B8C5-0A7BF9202D3E} = {D50E3C3C-2F29-4B8C-826C-BF4A9A04997A}
		{B5EFF610-3850-4436-9204-173EB66F282F} = {D50E3C3C-2F29-4B8C-826C-BF4A9A04997A}
		{7FA2CAD2-CB14-4AAE-AEF6-DBD21B2A5187} = {D50E3C3C-2F29-4B8C-826C-BF4A9A04997A}
		{5B1A0596-7330-4682-98BE-3E66E3BBBD14} = {D50E3C3C-2F29-4B8C-826C-BF4A9A04997A}
		{F0CEDA61-C811-47EC-BB62-941950A5C8AF} = {D50E3C3C-2F29-4B8C-826C-BF4A9A04997A}
		{F4EF9FC6-E5E5-43D2-ACC1-EA5E31EB537B} = {D50E3C3C-2F29-4B8C-826C-BF4A9A04997A}
		{15B40C62-35A4-453D-B5A3-FBD6294146F5} = {D50E3C3C-2F29-4B8C-826C-BF4A9A04997A}
		{CCC94A7E-EE32-4B7C-80F0-D4531B777A8C} = {D50E3C3C-2F29-4B8C-826C-BF4A9A04997A}
		{0081A39C-C2E6-4B3C-A3C8-4F1485BD874C} = {D50E3C3C-2F29-4B8C-826C-BF4A9A04997A}
		{AF65E355-D7B3-41E7-A4DB-7745C3A7A617} = {D50E3C3C-2F29-4B8C-826C-BF4A9A04997A}
		{32ED5B27-7B84-4488-96BB-6592D2F434CA} = {D50E3C3C-2F29-4B8C-826C-BF4A9A04997A}
		{F83E3D6F-BB71-4964-814B-5B0698ECFFE4} = {D50E3C3C-2F29-4B8C-826C-BF4A9A04997A}
	EndGlobalSection
	GlobalSection(ExtensibilityGlobals) = postSolution
		SolutionGuid = {6DDFF599-1CC3-4C05-93F3-AB413430BD02}
	EndGlobalSection
EndGlobal
